
Microsoft Visual Studio Solution File, Format Version 12.00
# Visual Studio Version 17
VisualStudioVersion = 17.9.34728.123
MinimumVisualStudioVersion = 10.0.40219.1
Project("{FAE04EC0-301F-11D3-BF4B-00C04F79EFBC}") = "test", "test\test.csproj", "{051610D1-52FB-4DD3-8552-F7A178420A2C}"
EndProject
Project("{FAE04EC0-301F-11D3-BF4B-00C04F79EFBC}") = "pushd-test", "pushd-test\pushd-test.csproj", "{5CAF66C2-9731-4114-888F-325A769942EA}"
EndProject
Project("{FAE04EC0-301F-11D3-BF4B-00C04F79EFBC}") = "pushd-testGUI", "pushd-testGUI\pushd-testGUI.csproj", "{0D84FEB4-DA51-47A6-AB94-DB092FE8D851}"
EndProject
Global
	GlobalSection(SolutionConfigurationPlatforms) = preSolution
		Debug|Any CPU = Debug|Any CPU
		Release|Any CPU = Release|Any CPU
	EndGlobalSection
	GlobalSection(ProjectConfigurationPlatforms) = postSolution
		{051610D1-52FB-4DD3-8552-F7A178420A2C}.Debug|Any CPU.ActiveCfg = Debug|Any CPU
		{051610D1-52FB-4DD3-8552-F7A178420A2C}.Debug|Any CPU.Build.0 = Debug|Any CPU
		{051610D1-52FB-4DD3-8552-F7A178420A2C}.Release|Any CPU.ActiveCfg = Release|Any CPU
		{051610D1-52FB-4DD3-8552-F7A178420A2C}.Release|Any CPU.Build.0 = Release|Any CPU
		{5CAF66C2-9731-4114-888F-325A769942EA}.Debug|Any CPU.ActiveCfg = Debug|Any CPU
		{5CAF66C2-9731-4114-888F-325A769942EA}.Debug|Any CPU.Build.0 = Debug|Any CPU
		{5CAF66C2-9731-4114-888F-325A769942EA}.Release|Any CPU.ActiveCfg = Release|Any CPU
		{5CAF66C2-9731-4114-888F-325A769942EA}.Release|Any CPU.Build.0 = Release|Any CPU
		{0D84FEB4-DA51-47A6-AB94-DB092FE8D851}.Debug|Any CPU.ActiveCfg = Debug|Any CPU
		{0D84FEB4-DA51-47A6-AB94-DB092FE8D851}.Debug|Any CPU.Build.0 = Debug|Any CPU
		{0D84FEB4-DA51-47A6-AB94-DB092FE8D851}.Release|Any CPU.ActiveCfg = Release|Any CPU
		{0D84FEB4-DA51-47A6-AB94-DB092FE8D851}.Release|Any CPU.Build.0 = Release|Any CPU
	EndGlobalSection
	GlobalSection(SolutionProperties) = preSolution
		HideSolutionNode = FALSE
	EndGlobalSection
	GlobalSection(ExtensibilityGlobals) = postSolution
		SolutionGuid = {9FF6ED45-F685-4995-AAA9-335CD3161C68}
	EndGlobalSection
EndGlobal
